
Microsoft Visual Studio Solution File, Format Version 12.00
Project("{FAE04EC0-301F-11D3-BF4B-00C04F79EFBC}") = "Inheritance", "Inheritance\Inheritance.csproj", "{74AF74D4-B1C9-469E-A20B-D912AD202D41}"
EndProject
Global
	GlobalSection(SolutionConfigurationPlatforms) = preSolution
		Debug|Any CPU = Debug|Any CPU
		Release|Any CPU = Release|Any CPU
	EndGlobalSection
	GlobalSection(ProjectConfigurationPlatforms) = postSolution
		{74AF74D4-B1C9-469E-A20B-D912AD202D41}.Debug|Any CPU.ActiveCfg = Debug|Any CPU
		{74AF74D4-B1C9-469E-A20B-D912AD202D41}.Debug|Any CPU.Build.0 = Debug|Any CPU
		{74AF74D4-B1C9-469E-A20B-D912AD202D41}.Release|Any CPU.ActiveCfg = Release|Any CPU
		{74AF74D4-B1C9-469E-A20B-D912AD202D41}.Release|Any CPU.Build.0 = Release|Any CPU
	EndGlobalSection
EndGlobal
